// !$*UTF8*$!
{
	archiveVersion = 1;
	classes = {
	};
	objectVersion = 56;
	objects = {

/* Begin PBXBuildFile section */
		FFD2E4862A59387300C96CF2 /* BrushupCleanerApp.swift in Sources */ = {isa = PBXBuildFile; fileRef = FFD2E4852A59387300C96CF2 /* BrushupCleanerApp.swift */; };
		FFD2E4882A59387300C96CF2 /* ContentView.swift in Sources */ = {isa = PBXBuildFile; fileRef = FFD2E4872A59387300C96CF2 /* ContentView.swift */; };
		FFD2E48A2A59387500C96CF2 /* Assets.xcassets in Resources */ = {isa = PBXBuildFile; fileRef = FFD2E4892A59387500C96CF2 /* Assets.xcassets */; };
		FFD2E48D2A59387500C96CF2 /* Preview Assets.xcassets in Resources */ = {isa = PBXBuildFile; fileRef = FFD2E48C2A59387500C96CF2 /* Preview Assets.xcassets */; };
		FFD2E4972A59387600C96CF2 /* BrushupCleanerTests.swift in Sources */ = {isa = PBXBuildFile; fileRef = FFD2E4962A59387600C96CF2 /* BrushupCleanerTests.swift */; };
		FFD2E4A12A59387600C96CF2 /* BrushupCleanerUITests.swift in Sources */ = {isa = PBXBuildFile; fileRef = FFD2E4A02A59387600C96CF2 /* BrushupCleanerUITests.swift */; };
		FFD2E4A32A59387600C96CF2 /* BrushupCleanerUITestsLaunchTests.swift in Sources */ = {isa = PBXBuildFile; fileRef = FFD2E4A22A59387600C96CF2 /* BrushupCleanerUITestsLaunchTests.swift */; };
/* End PBXBuildFile section */

/* Begin PBXContainerItemProxy section */
		FFD2E4932A59387600C96CF2 /* PBXContainerItemProxy */ = {
			isa = PBXContainerItemProxy;
			containerPortal = FFD2E47A2A59387300C96CF2 /* Project object */;
			proxyType = 1;
			remoteGlobalIDString = FFD2E4812A59387300C96CF2;
			remoteInfo = BrushupCleaner;
		};
		FFD2E49D2A59387600C96CF2 /* PBXContainerItemProxy */ = {
			isa = PBXContainerItemProxy;
			containerPortal = FFD2E47A2A59387300C96CF2 /* Project object */;
			proxyType = 1;
			remoteGlobalIDString = FFD2E4812A59387300C96CF2;
			remoteInfo = BrushupCleaner;
		};
/* End PBXContainerItemProxy section */

/* Begin PBXFileReference section */
		FFD2E4822A59387300C96CF2 /* BrushupCleaner.app */ = {isa = PBXFileReference; explicitFileType = wrapper.application; includeInIndex = 0; path = BrushupCleaner.app; sourceTree = BUILT_PRODUCTS_DIR; };
		FFD2E4852A59387300C96CF2 /* BrushupCleanerApp.swift */ = {isa = PBXFileReference; lastKnownFileType = sourcecode.swift; path = BrushupCleanerApp.swift; sourceTree = "<group>"; };
		FFD2E4872A59387300C96CF2 /* ContentView.swift */ = {isa = PBXFileReference; lastKnownFileType = sourcecode.swift; path = ContentView.swift; sourceTree = "<group>"; };
		FFD2E4892A59387500C96CF2 /* Assets.xcassets */ = {isa = PBXFileReference; lastKnownFileType = folder.assetcatalog; path = Assets.xcassets; sourceTree = "<group>"; };
		FFD2E48C2A59387500C96CF2 /* Preview Assets.xcassets */ = {isa = PBXFileReference; lastKnownFileType = folder.assetcatalog; path = "Preview Assets.xcassets"; sourceTree = "<group>"; };
		FFD2E4922A59387600C96CF2 /* BrushupCleanerTests.xctest */ = {isa = PBXFileReference; explicitFileType = wrapper.cfbundle; includeInIndex = 0; path = BrushupCleanerTests.xctest; sourceTree = BUILT_PRODUCTS_DIR; };
		FFD2E4962A59387600C96CF2 /* BrushupCleanerTests.swift */ = {isa = PBXFileReference; lastKnownFileType = sourcecode.swift; path = BrushupCleanerTests.swift; sourceTree = "<group>"; };
		FFD2E49C2A59387600C96CF2 /* BrushupCleanerUITests.xctest */ = {isa = PBXFileReference; explicitFileType = wrapper.cfbundle; includeInIndex = 0; path = BrushupCleanerUITests.xctest; sourceTree = BUILT_PRODUCTS_DIR; };
		FFD2E4A02A59387600C96CF2 /* BrushupCleanerUITests.swift */ = {isa = PBXFileReference; lastKnownFileType = sourcecode.swift; path = BrushupCleanerUITests.swift; sourceTree = "<group>"; };
		FFD2E4A22A59387600C96CF2 /* BrushupCleanerUITestsLaunchTests.swift */ = {isa = PBXFileReference; lastKnownFileType = sourcecode.swift; path = BrushupCleanerUITestsLaunchTests.swift; sourceTree = "<group>"; };
/* End PBXFileReference section */

/* Begin PBXFrameworksBuildPhase section */
		FFD2E47F2A59387300C96CF2 /* Frameworks */ = {
			isa = PBXFrameworksBuildPhase;
			buildActionMask = 2147483647;
			files = (
			);
			runOnlyForDeploymentPostprocessing = 0;
		};
		FFD2E48F2A59387600C96CF2 /* Frameworks */ = {
			isa = PBXFrameworksBuildPhase;
			buildActionMask = 2147483647;
			files = (
			);
			runOnlyForDeploymentPostprocessing = 0;
		};
		FFD2E4992A59387600C96CF2 /* Frameworks */ = {
			isa = PBXFrameworksBuildPhase;
			buildActionMask = 2147483647;
			files = (
			);
			runOnlyForDeploymentPostprocessing = 0;
		};
/* End PBXFrameworksBuildPhase section */

/* Begin PBXGroup section */
		FFD2E4792A59387300C96CF2 = {
			isa = PBXGroup;
			children = (
				FFD2E4842A59387300C96CF2 /* BrushupCleaner */,
				FFD2E4952A59387600C96CF2 /* BrushupCleanerTests */,
				FFD2E49F2A59387600C96CF2 /* BrushupCleanerUITests */,
				FFD2E4832A59387300C96CF2 /* Products */,
			);
			sourceTree = "<group>";
		};
		FFD2E4832A59387300C96CF2 /* Products */ = {
			isa = PBXGroup;
			children = (
				FFD2E4822A59387300C96CF2 /* BrushupCleaner.app */,
				FFD2E4922A59387600C96CF2 /* BrushupCleanerTests.xctest */,
				FFD2E49C2A59387600C96CF2 /* BrushupCleanerUITests.xctest */,
			);
			name = Products;
			sourceTree = "<group>";
		};
		FFD2E4842A59387300C96CF2 /* BrushupCleaner */ = {
			isa = PBXGroup;
			children = (
				FFD2E4852A59387300C96CF2 /* BrushupCleanerApp.swift */,
				FFD2E4872A59387300C96CF2 /* ContentView.swift */,
				FFD2E4892A59387500C96CF2 /* Assets.xcassets */,
				FFD2E48B2A59387500C96CF2 /* Preview Content */,
			);
			path = BrushupCleaner;
			sourceTree = "<group>";
		};
		FFD2E48B2A59387500C96CF2 /* Preview Content */ = {
			isa = PBXGroup;
			children = (
				FFD2E48C2A59387500C96CF2 /* Preview Assets.xcassets */,
			);
			path = "Preview Content";
			sourceTree = "<group>";
		};
		FFD2E4952A59387600C96CF2 /* BrushupCleanerTests */ = {
			isa = PBXGroup;
			children = (
				FFD2E4962A59387600C96CF2 /* BrushupCleanerTests.swift */,
			);
			path = BrushupCleanerTests;
			sourceTree = "<group>";
		};
		FFD2E49F2A59387600C96CF2 /* BrushupCleanerUITests */ = {
			isa = PBXGroup;
			children = (
				FFD2E4A02A59387600C96CF2 /* BrushupCleanerUITests.swift */,
				FFD2E4A22A59387600C96CF2 /* BrushupCleanerUITestsLaunchTests.swift */,
			);
			path = BrushupCleanerUITests;
			sourceTree = "<group>";
		};
/* End PBXGroup section */

/* Begin PBXNativeTarget section */
		FFD2E4812A59387300C96CF2 /* BrushupCleaner */ = {
			isa = PBXNativeTarget;
			buildConfigurationList = FFD2E4A62A59387600C96CF2 /* Build configuration list for PBXNativeTarget "BrushupCleaner" */;
			buildPhases = (
				FFD2E47E2A59387300C96CF2 /* Sources */,
				FFD2E47F2A59387300C96CF2 /* Frameworks */,
				FFD2E4802A59387300C96CF2 /* Resources */,
			);
			buildRules = (
			);
			dependencies = (
			);
			name = BrushupCleaner;
			productName = BrushupCleaner;
			productReference = FFD2E4822A59387300C96CF2 /* BrushupCleaner.app */;
			productType = "com.apple.product-type.application";
		};
		FFD2E4912A59387600C96CF2 /* BrushupCleanerTests */ = {
			isa = PBXNativeTarget;
			buildConfigurationList = FFD2E4A92A59387600C96CF2 /* Build configuration list for PBXNativeTarget "BrushupCleanerTests" */;
			buildPhases = (
				FFD2E48E2A59387600C96CF2 /* Sources */,
				FFD2E48F2A59387600C96CF2 /* Frameworks */,
				FFD2E4902A59387600C96CF2 /* Resources */,
			);
			buildRules = (
			);
			dependencies = (
				FFD2E4942A59387600C96CF2 /* PBXTargetDependency */,
			);
			name = BrushupCleanerTests;
			productName = BrushupCleanerTests;
			productReference = FFD2E4922A59387600C96CF2 /* BrushupCleanerTests.xctest */;
			productType = "com.apple.product-type.bundle.unit-test";
		};
		FFD2E49B2A59387600C96CF2 /* BrushupCleanerUITests */ = {
			isa = PBXNativeTarget;
			buildConfigurationList = FFD2E4AC2A59387600C96CF2 /* Build configuration list for PBXNativeTarget "BrushupCleanerUITests" */;
			buildPhases = (
				FFD2E4982A59387600C96CF2 /* Sources */,
				FFD2E4992A59387600C96CF2 /* Frameworks */,
				FFD2E49A2A59387600C96CF2 /* Resources */,
			);
			buildRules = (
			);
			dependencies = (
				FFD2E49E2A59387600C96CF2 /* PBXTargetDependency */,
			);
			name = BrushupCleanerUITests;
			productName = BrushupCleanerUITests;
			productReference = FFD2E49C2A59387600C96CF2 /* BrushupCleanerUITests.xctest */;
			productType = "com.apple.product-type.bundle.ui-testing";
		};
/* End PBXNativeTarget section */

/* Begin PBXProject section */
		FFD2E47A2A59387300C96CF2 /* Project object */ = {
			isa = PBXProject;
			attributes = {
				BuildIndependentTargetsInParallel = 1;
				LastSwiftUpdateCheck = 1420;
				LastUpgradeCheck = 1420;
				TargetAttributes = {
					FFD2E4812A59387300C96CF2 = {
						CreatedOnToolsVersion = 14.2;
					};
					FFD2E4912A59387600C96CF2 = {
						CreatedOnToolsVersion = 14.2;
						TestTargetID = FFD2E4812A59387300C96CF2;
					};
					FFD2E49B2A59387600C96CF2 = {
						CreatedOnToolsVersion = 14.2;
						TestTargetID = FFD2E4812A59387300C96CF2;
					};
				};
			};
			buildConfigurationList = FFD2E47D2A59387300C96CF2 /* Build configuration list for PBXProject "BrushupCleaner" */;
			compatibilityVersion = "Xcode 14.0";
			developmentRegion = en;
			hasScannedForEncodings = 0;
			knownRegions = (
				en,
				Base,
			);
			mainGroup = FFD2E4792A59387300C96CF2;
			productRefGroup = FFD2E4832A59387300C96CF2 /* Products */;
			projectDirPath = "";
			projectRoot = "";
			targets = (
				FFD2E4812A59387300C96CF2 /* BrushupCleaner */,
				FFD2E4912A59387600C96CF2 /* BrushupCleanerTests */,
				FFD2E49B2A59387600C96CF2 /* BrushupCleanerUITests */,
			);
		};
/* End PBXProject section */

/* Begin PBXResourcesBuildPhase section */
		FFD2E4802A59387300C96CF2 /* Resources */ = {
			isa = PBXResourcesBuildPhase;
			buildActionMask = 2147483647;
			files = (
				FFD2E48D2A59387500C96CF2 /* Preview Assets.xcassets in Resources */,
				FFD2E48A2A59387500C96CF2 /* Assets.xcassets in Resources */,
			);
			runOnlyForDeploymentPostprocessing = 0;
		};
		FFD2E4902A59387600C96CF2 /* Resources */ = {
			isa = PBXResourcesBuildPhase;
			buildActionMask = 2147483647;
			files = (
			);
			runOnlyForDeploymentPostprocessing = 0;
		};
		FFD2E49A2A59387600C96CF2 /* Resources */ = {
			isa = PBXResourcesBuildPhase;
			buildActionMask = 2147483647;
			files = (
			);
			runOnlyForDeploymentPostprocessing = 0;
		};
/* End PBXResourcesBuildPhase section */

/* Begin PBXSourcesBuildPhase section */
		FFD2E47E2A59387300C96CF2 /* Sources */ = {
			isa = PBXSourcesBuildPhase;
			buildActionMask = 2147483647;
			files = (
				FFD2E4882A59387300C96CF2 /* ContentView.swift in Sources */,
				FFD2E4862A59387300C96CF2 /* BrushupCleanerApp.swift in Sources */,
			);
			runOnlyForDeploymentPostprocessing = 0;
		};
		FFD2E48E2A59387600C96CF2 /* Sources */ = {
			isa = PBXSourcesBuildPhase;
			buildActionMask = 2147483647;
			files = (
				FFD2E4972A59387600C96CF2 /* BrushupCleanerTests.swift in Sources */,
			);
			runOnlyForDeploymentPostprocessing = 0;
		};
		FFD2E4982A59387600C96CF2 /* Sources */ = {
			isa = PBXSourcesBuildPhase;
			buildActionMask = 2147483647;
			files = (
				FFD2E4A12A59387600C96CF2 /* BrushupCleanerUITests.swift in Sources */,
				FFD2E4A32A59387600C96CF2 /* BrushupCleanerUITestsLaunchTests.swift in Sources */,
			);
			runOnlyForDeploymentPostprocessing = 0;
		};
/* End PBXSourcesBuildPhase section */

/* Begin PBXTargetDependency section */
		FFD2E4942A59387600C96CF2 /* PBXTargetDependency */ = {
			isa = PBXTargetDependency;
			target = FFD2E4812A59387300C96CF2 /* BrushupCleaner */;
			targetProxy = FFD2E4932A59387600C96CF2 /* PBXContainerItemProxy */;
		};
		FFD2E49E2A59387600C96CF2 /* PBXTargetDependency */ = {
			isa = PBXTargetDependency;
			target = FFD2E4812A59387300C96CF2 /* BrushupCleaner */;
			targetProxy = FFD2E49D2A59387600C96CF2 /* PBXContainerItemProxy */;
		};
/* End PBXTargetDependency section */

/* Begin XCBuildConfiguration section */
		FFD2E4A42A59387600C96CF2 /* Debug */ = {
			isa = XCBuildConfiguration;
			buildSettings = {
				ALWAYS_SEARCH_USER_PATHS = NO;
				CLANG_ANALYZER_NONNULL = YES;
				CLANG_ANALYZER_NUMBER_OBJECT_CONVERSION = YES_AGGRESSIVE;
				CLANG_CXX_LANGUAGE_STANDARD = "gnu++20";
				CLANG_ENABLE_MODULES = YES;
				CLANG_ENABLE_OBJC_ARC = YES;
				CLANG_ENABLE_OBJC_WEAK = YES;
				CLANG_WARN_BLOCK_CAPTURE_AUTORELEASING = YES;
				CLANG_WARN_BOOL_CONVERSION = YES;
				CLANG_WARN_COMMA = YES;
				CLANG_WARN_CONSTANT_CONVERSION = YES;
				CLANG_WARN_DEPRECATED_OBJC_IMPLEMENTATIONS = YES;
				CLANG_WARN_DIRECT_OBJC_ISA_USAGE = YES_ERROR;
				CLANG_WARN_DOCUMENTATION_COMMENTS = YES;
				CLANG_WARN_EMPTY_BODY = YES;
				CLANG_WARN_ENUM_CONVERSION = YES;
				CLANG_WARN_INFINITE_RECURSION = YES;
				CLANG_WARN_INT_CONVERSION = YES;
				CLANG_WARN_NON_LITERAL_NULL_CONVERSION = YES;
				CLANG_WARN_OBJC_IMPLICIT_RETAIN_SELF = YES;
				CLANG_WARN_OBJC_LITERAL_CONVERSION = YES;
				CLANG_WARN_OBJC_ROOT_CLASS = YES_ERROR;
				CLANG_WARN_QUOTED_INCLUDE_IN_FRAMEWORK_HEADER = YES;
				CLANG_WARN_RANGE_LOOP_ANALYSIS = YES;
				CLANG_WARN_STRICT_PROTOTYPES = YES;
				CLANG_WARN_SUSPICIOUS_MOVE = YES;
				CLANG_WARN_UNGUARDED_AVAILABILITY = YES_AGGRESSIVE;
				CLANG_WARN_UNREACHABLE_CODE = YES;
				CLANG_WARN__DUPLICATE_METHOD_MATCH = YES;
				COPY_PHASE_STRIP = NO;
				DEBUG_INFORMATION_FORMAT = dwarf;
				ENABLE_STRICT_OBJC_MSGSEND = YES;
				ENABLE_TESTABILITY = YES;
				GCC_C_LANGUAGE_STANDARD = gnu11;
				GCC_DYNAMIC_NO_PIC = NO;
				GCC_NO_COMMON_BLOCKS = YES;
				GCC_OPTIMIZATION_LEVEL = 0;
				GCC_PREPROCESSOR_DEFINITIONS = (
					"DEBUG=1",
					"$(inherited)",
				);
				GCC_WARN_64_TO_32_BIT_CONVERSION = YES;
				GCC_WARN_ABOUT_RETURN_TYPE = YES_ERROR;
				GCC_WARN_UNDECLARED_SELECTOR = YES;
				GCC_WARN_UNINITIALIZED_AUTOS = YES_AGGRESSIVE;
				GCC_WARN_UNUSED_FUNCTION = YES;
				GCC_WARN_UNUSED_VARIABLE = YES;
				IPHONEOS_DEPLOYMENT_TARGET = 16.2;
				MTL_ENABLE_DEBUG_INFO = INCLUDE_SOURCE;
				MTL_FAST_MATH = YES;
				ONLY_ACTIVE_ARCH = YES;
				SDKROOT = iphoneos;
				SWIFT_ACTIVE_COMPILATION_CONDITIONS = DEBUG;
				SWIFT_OPTIMIZATION_LEVEL = "-Onone";
			};
			name = Debug;
		};
		FFD2E4A52A59387600C96CF2 /* Release */ = {
			isa = XCBuildConfiguration;
			buildSettings = {
				ALWAYS_SEARCH_USER_PATHS = NO;
				CLANG_ANALYZER_NONNULL = YES;
				CLANG_ANALYZER_NUMBER_OBJECT_CONVERSION = YES_AGGRESSIVE;
				CLANG_CXX_LANGUAGE_STANDARD = "gnu++20";
				CLANG_ENABLE_MODULES = YES;
				CLANG_ENABLE_OBJC_ARC = YES;
				CLANG_ENABLE_OBJC_WEAK = YES;
				CLANG_WARN_BLOCK_CAPTURE_AUTORELEASING = YES;
				CLANG_WARN_BOOL_CONVERSION = YES;
				CLANG_WARN_COMMA = YES;
				CLANG_WARN_CONSTANT_CONVERSION = YES;
				CLANG_WARN_DEPRECATED_OBJC_IMPLEMENTATIONS = YES;
				CLANG_WARN_DIRECT_OBJC_ISA_USAGE = YES_ERROR;
				CLANG_WARN_DOCUMENTATION_COMMENTS = YES;
				CLANG_WARN_EMPTY_BODY = YES;
				CLANG_WARN_ENUM_CONVERSION = YES;
				CLANG_WARN_INFINITE_RECURSION = YES;
				CLANG_WARN_INT_CONVERSION = YES;
				CLANG_WARN_NON_LITERAL_NULL_CONVERSION = YES;
				CLANG_WARN_OBJC_IMPLICIT_RETAIN_SELF = YES;
				CLANG_WARN_OBJC_LITERAL_CONVERSION = YES;
				CLANG_WARN_OBJC_ROOT_CLASS = YES_ERROR;
				CLANG_WARN_QUOTED_INCLUDE_IN_FRAMEWORK_HEADER = YES;
				CLANG_WARN_RANGE_LOOP_ANALYSIS = YES;
				CLANG_WARN_STRICT_PROTOTYPES = YES;
				CLANG_WARN_SUSPICIOUS_MOVE = YES;
				CLANG_WARN_UNGUARDED_AVAILABILITY = YES_AGGRESSIVE;
				CLANG_WARN_UNREACHABLE_CODE = YES;
				CLANG_WARN__DUPLICATE_METHOD_MATCH = YES;
				COPY_PHASE_STRIP = NO;
				DEBUG_INFORMATION_FORMAT = "dwarf-with-dsym";
				ENABLE_NS_ASSERTIONS = NO;
				ENABLE_STRICT_OBJC_MSGSEND = YES;
				GCC_C_LANGUAGE_STANDARD = gnu11;
				GCC_NO_COMMON_BLOCKS = YES;
				GCC_WARN_64_TO_32_BIT_CONVERSION = YES;
				GCC_WARN_ABOUT_RETURN_TYPE = YES_ERROR;
				GCC_WARN_UNDECLARED_SELECTOR = YES;
				GCC_WARN_UNINITIALIZED_AUTOS = YES_AGGRESSIVE;
				GCC_WARN_UNUSED_FUNCTION = YES;
				GCC_WARN_UNUSED_VARIABLE = YES;
				IPHONEOS_DEPLOYMENT_TARGET = 16.2;
				MTL_ENABLE_DEBUG_INFO = NO;
				MTL_FAST_MATH = YES;
				SDKROOT = iphoneos;
				SWIFT_COMPILATION_MODE = wholemodule;
				SWIFT_OPTIMIZATION_LEVEL = "-O";
				VALIDATE_PRODUCT = YES;
			};
			name = Release;
		};
		FFD2E4A72A59387600C96CF2 /* Debug */ = {
			isa = XCBuildConfiguration;
			buildSettings = {
				ASSETCATALOG_COMPILER_APPICON_NAME = AppIcon;
				ASSETCATALOG_COMPILER_GLOBAL_ACCENT_COLOR_NAME = AccentColor;
				CODE_SIGN_STYLE = Automatic;
				CURRENT_PROJECT_VERSION = 1;
				DEVELOPMENT_ASSET_PATHS = "\"BrushupCleaner/Preview Content\"";
				DEVELOPMENT_TEAM = 5Z7S7M5YQM;
				ENABLE_PREVIEWS = YES;
				GENERATE_INFOPLIST_FILE = YES;
				INFOPLIST_KEY_UIApplicationSceneManifest_Generation = YES;
				INFOPLIST_KEY_UIApplicationSupportsIndirectInputEvents = YES;
				INFOPLIST_KEY_UILaunchScreen_Generation = YES;
				INFOPLIST_KEY_UISupportedInterfaceOrientations_iPad = "UIInterfaceOrientationPortrait UIInterfaceOrientationPortraitUpsideDown UIInterfaceOrientationLandscapeLeft UIInterfaceOrientationLandscapeRight";
				INFOPLIST_KEY_UISupportedInterfaceOrientations_iPhone = "UIInterfaceOrientationPortrait UIInterfaceOrientationLandscapeLeft UIInterfaceOrientationLandscapeRight";
				LD_RUNPATH_SEARCH_PATHS = (
					"$(inherited)",
					"@executable_path/Frameworks",
				);
				MARKETING_VERSION = 1.0;
				PRODUCT_BUNDLE_IDENTIFIER = "Victor-Kabike.BrushupCleaner";
				PRODUCT_NAME = "$(TARGET_NAME)";
				SWIFT_EMIT_LOC_STRINGS = YES;
				SWIFT_VERSION = 5.0;
				TARGETED_DEVICE_FAMILY = "1,2";
			};
			name = Debug;
		};
		FFD2E4A82A59387600C96CF2 /* Release */ = {
			isa = XCBuildConfiguration;
			buildSettings = {
				ASSETCATALOG_COMPILER_APPICON_NAME = AppIcon;
				ASSETCATALOG_COMPILER_GLOBAL_ACCENT_COLOR_NAME = AccentColor;
				CODE_SIGN_STYLE = Automatic;
				CURRENT_PROJECT_VERSION = 1;
				DEVELOPMENT_ASSET_PATHS = "\"BrushupCleaner/Preview Content\"";
				DEVELOPMENT_TEAM = 5Z7S7M5YQM;
				ENABLE_PREVIEWS = YES;
				GENERATE_INFOPLIST_FILE = YES;
				INFOPLIST_KEY_UIApplicationSceneManifest_Generation = YES;
				INFOPLIST_KEY_UIApplicationSupportsIndirectInputEvents = YES;
				INFOPLIST_KEY_UILaunchScreen_Generation = YES;
				INFOPLIST_KEY_UISupportedInterfaceOrientations_iPad = "UIInterfaceOrientationPortrait UIInterfaceOrientationPortraitUpsideDown UIInterfaceOrientationLandscapeLeft UIInterfaceOrientationLandscapeRight";
				INFOPLIST_KEY_UISupportedInterfaceOrientations_iPhone = "UIInterfaceOrientationPortrait UIInterfaceOrientationLandscapeLeft UIInterfaceOrientationLandscapeRight";
				LD_RUNPATH_SEARCH_PATHS = (
					"$(inherited)",
					"@executable_path/Frameworks",
				);
				MARKETING_VERSION = 1.0;
				PRODUCT_BUNDLE_IDENTIFIER = "Victor-Kabike.BrushupCleaner";
				PRODUCT_NAME = "$(TARGET_NAME)";
				SWIFT_EMIT_LOC_STRINGS = YES;
				SWIFT_VERSION = 5.0;
				TARGETED_DEVICE_FAMILY = "1,2";
			};
			name = Release;
		};
		FFD2E4AA2A59387600C96CF2 /* Debug */ = {
			isa = XCBuildConfiguration;
			buildSettings = {
				ALWAYS_EMBED_SWIFT_STANDARD_LIBRARIES = YES;
				BUNDLE_LOADER = "$(TEST_HOST)";
				CODE_SIGN_STYLE = Automatic;
				CURRENT_PROJECT_VERSION = 1;
				DEVELOPMENT_TEAM = 5Z7S7M5YQM;
				GENERATE_INFOPLIST_FILE = YES;
				IPHONEOS_DEPLOYMENT_TARGET = 16.2;
				MARKETING_VERSION = 1.0;
				PRODUCT_BUNDLE_IDENTIFIER = "Victor-Kabike.BrushupCleanerTests";
				PRODUCT_NAME = "$(TARGET_NAME)";
				SWIFT_EMIT_LOC_STRINGS = NO;
				SWIFT_VERSION = 5.0;
				TARGETED_DEVICE_FAMILY = "1,2";
				TEST_HOST = "$(BUILT_PRODUCTS_DIR)/BrushupCleaner.app/$(BUNDLE_EXECUTABLE_FOLDER_PATH)/BrushupCleaner";
			};
			name = Debug;
		};
		FFD2E4AB2A59387600C96CF2 /* Release */ = {
			isa = XCBuildConfiguration;
			buildSettings = {
				ALWAYS_EMBED_SWIFT_STANDARD_LIBRARIES = YES;
				BUNDLE_LOADER = "$(TEST_HOST)";
				CODE_SIGN_STYLE = Automatic;
				CURRENT_PROJECT_VERSION = 1;
				DEVELOPMENT_TEAM = 5Z7S7M5YQM;
				GENERATE_INFOPLIST_FILE = YES;
				IPHONEOS_DEPLOYMENT_TARGET = 16.2;
				MARKETING_VERSION = 1.0;
				PRODUCT_BUNDLE_IDENTIFIER = "Victor-Kabike.BrushupCleanerTests";
				PRODUCT_NAME = "$(TARGET_NAME)";
				SWIFT_EMIT_LOC_STRINGS = NO;
				SWIFT_VERSION = 5.0;
				TARGETED_DEVICE_FAMILY = "1,2";
				TEST_HOST = "$(BUILT_PRODUCTS_DIR)/BrushupCleaner.app/$(BUNDLE_EXECUTABLE_FOLDER_PATH)/BrushupCleaner";
			};
			name = Release;
		};
		FFD2E4AD2A59387600C96CF2 /* Debug */ = {
			isa = XCBuildConfiguration;
			buildSettings = {
				ALWAYS_EMBED_SWIFT_STANDARD_LIBRARIES = YES;
				CODE_SIGN_STYLE = Automatic;
				CURRENT_PROJECT_VERSION = 1;
				DEVELOPMENT_TEAM = 5Z7S7M5YQM;
				GENERATE_INFOPLIST_FILE = YES;
				MARKETING_VERSION = 1.0;
				PRODUCT_BUNDLE_IDENTIFIER = "Victor-Kabike.BrushupCleanerUITests";
				PRODUCT_NAME = "$(TARGET_NAME)";
				SWIFT_EMIT_LOC_STRINGS = NO;
				SWIFT_VERSION = 5.0;
				TARGETED_DEVICE_FAMILY = "1,2";
				TEST_TARGET_NAME = BrushupCleaner;
			};
			name = Debug;
		};
		FFD2E4AE2A59387600C96CF2 /* Release */ = {
			isa = XCBuildConfiguration;
			buildSettings = {
				ALWAYS_EMBED_SWIFT_STANDARD_LIBRARIES = YES;
				CODE_SIGN_STYLE = Automatic;
				CURRENT_PROJECT_VERSION = 1;
				DEVELOPMENT_TEAM = 5Z7S7M5YQM;
				GENERATE_INFOPLIST_FILE = YES;
				MARKETING_VERSION = 1.0;
				PRODUCT_BUNDLE_IDENTIFIER = "Victor-Kabike.BrushupCleanerUITests";
				PRODUCT_NAME = "$(TARGET_NAME)";
				SWIFT_EMIT_LOC_STRINGS = NO;
				SWIFT_VERSION = 5.0;
				TARGETED_DEVICE_FAMILY = "1,2";
				TEST_TARGET_NAME = BrushupCleaner;
			};
			name = Release;
		};
/* End XCBuildConfiguration section */

/* Begin XCConfigurationList section */
		FFD2E47D2A59387300C96CF2 /* Build configuration list for PBXProject "BrushupCleaner" */ = {
			isa = XCConfigurationList;
			buildConfigurations = (
				FFD2E4A42A59387600C96CF2 /* Debug */,
				FFD2E4A52A59387600C96CF2 /* Release */,
			);
			defaultConfigurationIsVisible = 0;
			defaultConfigurationName = Release;
		};
		FFD2E4A62A59387600C96CF2 /* Build configuration list for PBXNativeTarget "BrushupCleaner" */ = {
			isa = XCConfigurationList;
			buildConfigurations = (
				FFD2E4A72A59387600C96CF2 /* Debug */,
				FFD2E4A82A59387600C96CF2 /* Release */,
			);
			defaultConfigurationIsVisible = 0;
			defaultConfigurationName = Release;
		};
		FFD2E4A92A59387600C96CF2 /* Build configuration list for PBXNativeTarget "BrushupCleanerTests" */ = {
			isa = XCConfigurationList;
			buildConfigurations = (
				FFD2E4AA2A59387600C96CF2 /* Debug */,
				FFD2E4AB2A59387600C96CF2 /* Release */,
			);
			defaultConfigurationIsVisible = 0;
			defaultConfigurationName = Release;
		};
		FFD2E4AC2A59387600C96CF2 /* Build configuration list for PBXNativeTarget "BrushupCleanerUITests" */ = {
			isa = XCConfigurationList;
			buildConfigurations = (
				FFD2E4AD2A59387600C96CF2 /* Debug */,
				FFD2E4AE2A59387600C96CF2 /* Release */,
			);
			defaultConfigurationIsVisible = 0;
			defaultConfigurationName = Release;
		};
/* End XCConfigurationList section */
	};
	rootObject = FFD2E47A2A59387300C96CF2 /* Project object */;
}
